
Microsoft Visual Studio Solution File, Format Version 12.00
# Visual Studio Version 17
VisualStudioVersion = 17.10.34928.147
MinimumVisualStudioVersion = 10.0.40219.1
Project("{FAE04EC0-301F-11D3-BF4B-00C04F79EFBC}") = "Mywebapi", "Mywebapi.csproj", "{41BA8784-730D-46FB-8D3C-A2F5E55C8AB9}"
EndProject
Global
	GlobalSection(SolutionConfigurationPlatforms) = preSolution
		Debug|Any CPU = Debug|Any CPU
		Release|Any CPU = Release|Any CPU
	EndGlobalSection
	GlobalSection(ProjectConfigurationPlatforms) = postSolution
		{41BA8784-730D-46FB-8D3C-A2F5E55C8AB9}.Debug|Any CPU.ActiveCfg = Debug|Any CPU
		{41BA8784-730D-46FB-8D3C-A2F5E55C8AB9}.Debug|Any CPU.Build.0 = Debug|Any CPU
		{41BA8784-730D-46FB-8D3C-A2F5E55C8AB9}.Release|Any CPU.ActiveCfg = Release|Any CPU
		{41BA8784-730D-46FB-8D3C-A2F5E55C8AB9}.Release|Any CPU.Build.0 = Release|Any CPU
	EndGlobalSection
	GlobalSection(SolutionProperties) = preSolution
		HideSolutionNode = FALSE
	EndGlobalSection
	GlobalSection(ExtensibilityGlobals) = postSolution
		SolutionGuid = {3E3F33A1-E30D-47B0-BED9-49B5B71C9E4C}
	EndGlobalSection
EndGlobal
